
Microsoft Visual Studio Solution File, Format Version 12.00
# Visual Studio Version 17
VisualStudioVersion = 17.2.32630.192
MinimumVisualStudioVersion = 10.0.40219.1
Project("{FAE04EC0-301F-11D3-BF4B-00C04F79EFBC}") = "two_mass", "two_mass\two_mass.csproj", "{83255D20-2EA9-4D5A-9EAE-BF8F91CBFAFD}"
EndProject
Global
	GlobalSection(SolutionConfigurationPlatforms) = preSolution
		Debug|Any CPU = Debug|Any CPU
		Release|Any CPU = Release|Any CPU
	EndGlobalSection
	GlobalSection(ProjectConfigurationPlatforms) = postSolution
		{83255D20-2EA9-4D5A-9EAE-BF8F91CBFAFD}.Debug|Any CPU.ActiveCfg = Debug|Any CPU
		{83255D20-2EA9-4D5A-9EAE-BF8F91CBFAFD}.Debug|Any CPU.Build.0 = Debug|Any CPU
		{83255D20-2EA9-4D5A-9EAE-BF8F91CBFAFD}.Release|Any CPU.ActiveCfg = Release|Any CPU
		{83255D20-2EA9-4D5A-9EAE-BF8F91CBFAFD}.Release|Any CPU.Build.0 = Release|Any CPU
	EndGlobalSection
	GlobalSection(SolutionProperties) = preSolution
		HideSolutionNode = FALSE
	EndGlobalSection
	GlobalSection(ExtensibilityGlobals) = postSolution
		SolutionGuid = {2840051B-4A67-4A5C-980A-9A201BFF9ED5}
	EndGlobalSection
EndGlobal
